// !$*UTF8*$!
{
	archiveVersion = 1;
	classes = {
	};
	objectVersion = 56;
	objects = {

/* Begin PBXBuildFile section */
		1F5C76A429E5077900033918 /* RealQuickApp.swift in Sources */ = {isa = PBXBuildFile; fileRef = 1F5C76A329E5077900033918 /* RealQuickApp.swift */; };
		1F5C76A629E5077900033918 /* MainView.swift in Sources */ = {isa = PBXBuildFile; fileRef = 1F5C76A529E5077900033918 /* MainView.swift */; };
		1F5C76A829E5077A00033918 /* Assets.xcassets in Resources */ = {isa = PBXBuildFile; fileRef = 1F5C76A729E5077A00033918 /* Assets.xcassets */; };
		1F5C76AB29E5077A00033918 /* Preview Assets.xcassets in Resources */ = {isa = PBXBuildFile; fileRef = 1F5C76AA29E5077A00033918 /* Preview Assets.xcassets */; };
		1F5C76B329E5079500033918 /* RealQuick.xcdatamodeld in Sources */ = {isa = PBXBuildFile; fileRef = 1F5C76B129E5079500033918 /* RealQuick.xcdatamodeld */; };
		1F5C76B529E5079E00033918 /* DataController.swift in Sources */ = {isa = PBXBuildFile; fileRef = 1F5C76B429E5079E00033918 /* DataController.swift */; };
		1FA2B93D29F2205D0024EEF8 /* RecordEntry.swift in Sources */ = {isa = PBXBuildFile; fileRef = 1FA2B93C29F2205D0024EEF8 /* RecordEntry.swift */; };
		1FA2B93F29F220810024EEF8 /* EntryDetail.swift in Sources */ = {isa = PBXBuildFile; fileRef = 1FA2B93E29F220810024EEF8 /* EntryDetail.swift */; };
		1FA2B94129F2209F0024EEF8 /* EntryList.swift in Sources */ = {isa = PBXBuildFile; fileRef = 1FA2B94029F2209F0024EEF8 /* EntryList.swift */; };
		1FA2B94529F228660024EEF8 /* JournalEntry+PreviewProvider.swift in Sources */ = {isa = PBXBuildFile; fileRef = 1FA2B94429F228660024EEF8 /* JournalEntry+PreviewProvider.swift */; };
		1FA2B94729F45FF50024EEF8 /* SpeechRecognizer.swift in Sources */ = {isa = PBXBuildFile; fileRef = 1FA2B94629F45FF50024EEF8 /* SpeechRecognizer.swift */; };
		1FA2B94929F5ECAB0024EEF8 /* Theme.swift in Sources */ = {isa = PBXBuildFile; fileRef = 1FA2B94829F5ECAB0024EEF8 /* Theme.swift */; };
/* End PBXBuildFile section */

/* Begin PBXFileReference section */
		1F5C76A029E5077900033918 /* RealQuick.app */ = {isa = PBXFileReference; explicitFileType = wrapper.application; includeInIndex = 0; path = RealQuick.app; sourceTree = BUILT_PRODUCTS_DIR; };
		1F5C76A329E5077900033918 /* RealQuickApp.swift */ = {isa = PBXFileReference; lastKnownFileType = sourcecode.swift; path = RealQuickApp.swift; sourceTree = "<group>"; };
		1F5C76A529E5077900033918 /* MainView.swift */ = {isa = PBXFileReference; lastKnownFileType = sourcecode.swift; path = MainView.swift; sourceTree = "<group>"; };
		1F5C76A729E5077A00033918 /* Assets.xcassets */ = {isa = PBXFileReference; lastKnownFileType = folder.assetcatalog; path = Assets.xcassets; sourceTree = "<group>"; };
		1F5C76AA29E5077A00033918 /* Preview Assets.xcassets */ = {isa = PBXFileReference; lastKnownFileType = folder.assetcatalog; path = "Preview Assets.xcassets"; sourceTree = "<group>"; };
		1F5C76B229E5079500033918 /* Model.xcdatamodel */ = {isa = PBXFileReference; lastKnownFileType = wrapper.xcdatamodel; path = Model.xcdatamodel; sourceTree = "<group>"; };
		1F5C76B429E5079E00033918 /* DataController.swift */ = {isa = PBXFileReference; lastKnownFileType = sourcecode.swift; path = DataController.swift; sourceTree = "<group>"; };
		1FA2B93C29F2205D0024EEF8 /* RecordEntry.swift */ = {isa = PBXFileReference; lastKnownFileType = sourcecode.swift; path = RecordEntry.swift; sourceTree = "<group>"; };
		1FA2B93E29F220810024EEF8 /* EntryDetail.swift */ = {isa = PBXFileReference; lastKnownFileType = sourcecode.swift; path = EntryDetail.swift; sourceTree = "<group>"; };
		1FA2B94029F2209F0024EEF8 /* EntryList.swift */ = {isa = PBXFileReference; lastKnownFileType = sourcecode.swift; path = EntryList.swift; sourceTree = "<group>"; };
		1FA2B94429F228660024EEF8 /* JournalEntry+PreviewProvider.swift */ = {isa = PBXFileReference; lastKnownFileType = sourcecode.swift; path = "JournalEntry+PreviewProvider.swift"; sourceTree = "<group>"; };
		1FA2B94629F45FF50024EEF8 /* SpeechRecognizer.swift */ = {isa = PBXFileReference; lastKnownFileType = sourcecode.swift; path = SpeechRecognizer.swift; sourceTree = "<group>"; };
		1FA2B94829F5ECAB0024EEF8 /* Theme.swift */ = {isa = PBXFileReference; lastKnownFileType = sourcecode.swift; path = Theme.swift; sourceTree = "<group>"; };
/* End PBXFileReference section */

/* Begin PBXFrameworksBuildPhase section */
		1F5C769D29E5077900033918 /* Frameworks */ = {
			isa = PBXFrameworksBuildPhase;
			buildActionMask = 2147483647;
			files = (
			);
			runOnlyForDeploymentPostprocessing = 0;
		};
/* End PBXFrameworksBuildPhase section */

/* Begin PBXGroup section */
		1F5C769729E5077900033918 = {
			isa = PBXGroup;
			children = (
				1F5C76A229E5077900033918 /* RealQuick */,
				1F5C76A129E5077900033918 /* Products */,
			);
			sourceTree = "<group>";
		};
		1F5C76A129E5077900033918 /* Products */ = {
			isa = PBXGroup;
			children = (
				1F5C76A029E5077900033918 /* RealQuick.app */,
			);
			name = Products;
			sourceTree = "<group>";
		};
		1F5C76A229E5077900033918 /* RealQuick */ = {
			isa = PBXGroup;
			children = (
				1F5C76A329E5077900033918 /* RealQuickApp.swift */,
				1F5C76B129E5079500033918 /* RealQuick.xcdatamodeld */,
				1FA2B94329F2284F0024EEF8 /* Model */,
				1F5C76A729E5077A00033918 /* Assets.xcassets */,
				1F5C76A929E5077A00033918 /* Preview Content */,
				1FA2B94229F221920024EEF8 /* Views */,
			);
			path = RealQuick;
			sourceTree = "<group>";
		};
		1F5C76A929E5077A00033918 /* Preview Content */ = {
			isa = PBXGroup;
			children = (
				1F5C76AA29E5077A00033918 /* Preview Assets.xcassets */,
			);
			path = "Preview Content";
			sourceTree = "<group>";
		};
		1FA2B94229F221920024EEF8 /* Views */ = {
			isa = PBXGroup;
			children = (
				1F5C76A529E5077900033918 /* MainView.swift */,
				1FA2B93C29F2205D0024EEF8 /* RecordEntry.swift */,
				1FA2B93E29F220810024EEF8 /* EntryDetail.swift */,
				1FA2B94029F2209F0024EEF8 /* EntryList.swift */,
			);
			path = Views;
			sourceTree = "<group>";
		};
		1FA2B94329F2284F0024EEF8 /* Model */ = {
			isa = PBXGroup;
			children = (
				1F5C76B429E5079E00033918 /* DataController.swift */,
				1FA2B94429F228660024EEF8 /* JournalEntry+PreviewProvider.swift */,
				1FA2B94629F45FF50024EEF8 /* SpeechRecognizer.swift */,
				1FA2B94829F5ECAB0024EEF8 /* Theme.swift */,
			);
			path = Model;
			sourceTree = "<group>";
		};
/* End PBXGroup section */

/* Begin PBXNativeTarget section */
		1F5C769F29E5077900033918 /* RealQuick */ = {
			isa = PBXNativeTarget;
			buildConfigurationList = 1F5C76AE29E5077A00033918 /* Build configuration list for PBXNativeTarget "RealQuick" */;
			buildPhases = (
				1F5C769C29E5077900033918 /* Sources */,
				1F5C769D29E5077900033918 /* Frameworks */,
				1F5C769E29E5077900033918 /* Resources */,
			);
			buildRules = (
			);
			dependencies = (
			);
			name = RealQuick;
			productName = RealQuick;
			productReference = 1F5C76A029E5077900033918 /* RealQuick.app */;
			productType = "com.apple.product-type.application";
		};
/* End PBXNativeTarget section */

/* Begin PBXProject section */
		1F5C769829E5077900033918 /* Project object */ = {
			isa = PBXProject;
			attributes = {
				BuildIndependentTargetsInParallel = 1;
				LastSwiftUpdateCheck = 1430;
				LastUpgradeCheck = 1430;
				TargetAttributes = {
					1F5C769F29E5077900033918 = {
						CreatedOnToolsVersion = 14.3;
					};
				};
			};
			buildConfigurationList = 1F5C769B29E5077900033918 /* Build configuration list for PBXProject "RealQuick" */;
			compatibilityVersion = "Xcode 14.0";
			developmentRegion = en;
			hasScannedForEncodings = 0;
			knownRegions = (
				en,
				Base,
			);
			mainGroup = 1F5C769729E5077900033918;
			productRefGroup = 1F5C76A129E5077900033918 /* Products */;
			projectDirPath = "";
			projectRoot = "";
			targets = (
				1F5C769F29E5077900033918 /* RealQuick */,
			);
		};
/* End PBXProject section */

/* Begin PBXResourcesBuildPhase section */
		1F5C769E29E5077900033918 /* Resources */ = {
			isa = PBXResourcesBuildPhase;
			buildActionMask = 2147483647;
			files = (
				1F5C76AB29E5077A00033918 /* Preview Assets.xcassets in Resources */,
				1F5C76A829E5077A00033918 /* Assets.xcassets in Resources */,
			);
			runOnlyForDeploymentPostprocessing = 0;
		};
/* End PBXResourcesBuildPhase section */

/* Begin PBXSourcesBuildPhase section */
		1F5C769C29E5077900033918 /* Sources */ = {
			isa = PBXSourcesBuildPhase;
			buildActionMask = 2147483647;
			files = (
				1FA2B93D29F2205D0024EEF8 /* RecordEntry.swift in Sources */,
				1FA2B94729F45FF50024EEF8 /* SpeechRecognizer.swift in Sources */,
				1FA2B94929F5ECAB0024EEF8 /* Theme.swift in Sources */,
				1F5C76A629E5077900033918 /* MainView.swift in Sources */,
				1FA2B94529F228660024EEF8 /* JournalEntry+PreviewProvider.swift in Sources */,
				1F5C76B529E5079E00033918 /* DataController.swift in Sources */,
				1FA2B94129F2209F0024EEF8 /* EntryList.swift in Sources */,
				1FA2B93F29F220810024EEF8 /* EntryDetail.swift in Sources */,
				1F5C76A429E5077900033918 /* RealQuickApp.swift in Sources */,
				1F5C76B329E5079500033918 /* RealQuick.xcdatamodeld in Sources */,
			);
			runOnlyForDeploymentPostprocessing = 0;
		};
/* End PBXSourcesBuildPhase section */

/* Begin XCBuildConfiguration section */
		1F5C76AC29E5077A00033918 /* Debug */ = {
			isa = XCBuildConfiguration;
			buildSettings = {
				ALWAYS_SEARCH_USER_PATHS = NO;
				CLANG_ANALYZER_NONNULL = YES;
				CLANG_ANALYZER_NUMBER_OBJECT_CONVERSION = YES_AGGRESSIVE;
				CLANG_CXX_LANGUAGE_STANDARD = "gnu++20";
				CLANG_ENABLE_MODULES = YES;
				CLANG_ENABLE_OBJC_ARC = YES;
				CLANG_ENABLE_OBJC_WEAK = YES;
				CLANG_WARN_BLOCK_CAPTURE_AUTORELEASING = YES;
				CLANG_WARN_BOOL_CONVERSION = YES;
				CLANG_WARN_COMMA = YES;
				CLANG_WARN_CONSTANT_CONVERSION = YES;
				CLANG_WARN_DEPRECATED_OBJC_IMPLEMENTATIONS = YES;
				CLANG_WARN_DIRECT_OBJC_ISA_USAGE = YES_ERROR;
				CLANG_WARN_DOCUMENTATION_COMMENTS = YES;
				CLANG_WARN_EMPTY_BODY = YES;
				CLANG_WARN_ENUM_CONVERSION = YES;
				CLANG_WARN_INFINITE_RECURSION = YES;
				CLANG_WARN_INT_CONVERSION = YES;
				CLANG_WARN_NON_LITERAL_NULL_CONVERSION = YES;
				CLANG_WARN_OBJC_IMPLICIT_RETAIN_SELF = YES;
				CLANG_WARN_OBJC_LITERAL_CONVERSION = YES;
				CLANG_WARN_OBJC_ROOT_CLASS = YES_ERROR;
				CLANG_WARN_QUOTED_INCLUDE_IN_FRAMEWORK_HEADER = YES;
				CLANG_WARN_RANGE_LOOP_ANALYSIS = YES;
				CLANG_WARN_STRICT_PROTOTYPES = YES;
				CLANG_WARN_SUSPICIOUS_MOVE = YES;
				CLANG_WARN_UNGUARDED_AVAILABILITY = YES_AGGRESSIVE;
				CLANG_WARN_UNREACHABLE_CODE = YES;
				CLANG_WARN__DUPLICATE_METHOD_MATCH = YES;
				COPY_PHASE_STRIP = NO;
				DEBUG_INFORMATION_FORMAT = dwarf;
				ENABLE_STRICT_OBJC_MSGSEND = YES;
				ENABLE_TESTABILITY = YES;
				GCC_C_LANGUAGE_STANDARD = gnu11;
				GCC_DYNAMIC_NO_PIC = NO;
				GCC_NO_COMMON_BLOCKS = YES;
				GCC_OPTIMIZATION_LEVEL = 0;
				GCC_PREPROCESSOR_DEFINITIONS = (
					"DEBUG=1",
					"$(inherited)",
				);
				GCC_WARN_64_TO_32_BIT_CONVERSION = YES;
				GCC_WARN_ABOUT_RETURN_TYPE = YES_ERROR;
				GCC_WARN_UNDECLARED_SELECTOR = YES;
				GCC_WARN_UNINITIALIZED_AUTOS = YES_AGGRESSIVE;
				GCC_WARN_UNUSED_FUNCTION = YES;
				GCC_WARN_UNUSED_VARIABLE = YES;
				IPHONEOS_DEPLOYMENT_TARGET = 16.4;
				MTL_ENABLE_DEBUG_INFO = INCLUDE_SOURCE;
				MTL_FAST_MATH = YES;
				ONLY_ACTIVE_ARCH = YES;
				SDKROOT = iphoneos;
				SWIFT_ACTIVE_COMPILATION_CONDITIONS = DEBUG;
				SWIFT_OPTIMIZATION_LEVEL = "-Onone";
			};
			name = Debug;
		};
		1F5C76AD29E5077A00033918 /* Release */ = {
			isa = XCBuildConfiguration;
			buildSettings = {
				ALWAYS_SEARCH_USER_PATHS = NO;
				CLANG_ANALYZER_NONNULL = YES;
				CLANG_ANALYZER_NUMBER_OBJECT_CONVERSION = YES_AGGRESSIVE;
				CLANG_CXX_LANGUAGE_STANDARD = "gnu++20";
				CLANG_ENABLE_MODULES = YES;
				CLANG_ENABLE_OBJC_ARC = YES;
				CLANG_ENABLE_OBJC_WEAK = YES;
				CLANG_WARN_BLOCK_CAPTURE_AUTORELEASING = YES;
				CLANG_WARN_BOOL_CONVERSION = YES;
				CLANG_WARN_COMMA = YES;
				CLANG_WARN_CONSTANT_CONVERSION = YES;
				CLANG_WARN_DEPRECATED_OBJC_IMPLEMENTATIONS = YES;
				CLANG_WARN_DIRECT_OBJC_ISA_USAGE = YES_ERROR;
				CLANG_WARN_DOCUMENTATION_COMMENTS = YES;
				CLANG_WARN_EMPTY_BODY = YES;
				CLANG_WARN_ENUM_CONVERSION = YES;
				CLANG_WARN_INFINITE_RECURSION = YES;
				CLANG_WARN_INT_CONVERSION = YES;
				CLANG_WARN_NON_LITERAL_NULL_CONVERSION = YES;
				CLANG_WARN_OBJC_IMPLICIT_RETAIN_SELF = YES;
				CLANG_WARN_OBJC_LITERAL_CONVERSION = YES;
				CLANG_WARN_OBJC_ROOT_CLASS = YES_ERROR;
				CLANG_WARN_QUOTED_INCLUDE_IN_FRAMEWORK_HEADER = YES;
				CLANG_WARN_RANGE_LOOP_ANALYSIS = YES;
				CLANG_WARN_STRICT_PROTOTYPES = YES;
				CLANG_WARN_SUSPICIOUS_MOVE = YES;
				CLANG_WARN_UNGUARDED_AVAILABILITY = YES_AGGRESSIVE;
				CLANG_WARN_UNREACHABLE_CODE = YES;
				CLANG_WARN__DUPLICATE_METHOD_MATCH = YES;
				COPY_PHASE_STRIP = NO;
				DEBUG_INFORMATION_FORMAT = "dwarf-with-dsym";
				ENABLE_NS_ASSERTIONS = NO;
				ENABLE_STRICT_OBJC_MSGSEND = YES;
				GCC_C_LANGUAGE_STANDARD = gnu11;
				GCC_NO_COMMON_BLOCKS = YES;
				GCC_WARN_64_TO_32_BIT_CONVERSION = YES;
				GCC_WARN_ABOUT_RETURN_TYPE = YES_ERROR;
				GCC_WARN_UNDECLARED_SELECTOR = YES;
				GCC_WARN_UNINITIALIZED_AUTOS = YES_AGGRESSIVE;
				GCC_WARN_UNUSED_FUNCTION = YES;
				GCC_WARN_UNUSED_VARIABLE = YES;
				IPHONEOS_DEPLOYMENT_TARGET = 16.4;
				MTL_ENABLE_DEBUG_INFO = NO;
				MTL_FAST_MATH = YES;
				SDKROOT = iphoneos;
				SWIFT_COMPILATION_MODE = wholemodule;
				SWIFT_OPTIMIZATION_LEVEL = "-O";
				VALIDATE_PRODUCT = YES;
			};
			name = Release;
		};
		1F5C76AF29E5077A00033918 /* Debug */ = {
			isa = XCBuildConfiguration;
			buildSettings = {
				ASSETCATALOG_COMPILER_APPICON_NAME = AppIcon;
				ASSETCATALOG_COMPILER_GLOBAL_ACCENT_COLOR_NAME = AccentColor;
				CODE_SIGN_STYLE = Automatic;
				CURRENT_PROJECT_VERSION = 1;
				DEVELOPMENT_ASSET_PATHS = "\"RealQuick/Preview Content\"";
				ENABLE_PREVIEWS = YES;
				GENERATE_INFOPLIST_FILE = YES;
				INFOPLIST_KEY_NSLocationWhenInUseUsageDescription = "You can automatically include your current location in a journal entry.";
				INFOPLIST_KEY_NSMicrophoneUsageDescription = "Audio is recorded to transcribe journal entries. Audio recordings are discarded after transcription.";
				INFOPLIST_KEY_NSSiriUsageDescription = "TODO Siri Usage Description";
				INFOPLIST_KEY_NSSpeechRecognitionUsageDescription = "You can transcribe journal entries using your voice.";
				INFOPLIST_KEY_UIApplicationSceneManifest_Generation = YES;
				INFOPLIST_KEY_UIApplicationSupportsIndirectInputEvents = YES;
				INFOPLIST_KEY_UILaunchScreen_Generation = YES;
				INFOPLIST_KEY_UISupportedInterfaceOrientations_iPad = "UIInterfaceOrientationPortrait UIInterfaceOrientationPortraitUpsideDown UIInterfaceOrientationLandscapeLeft UIInterfaceOrientationLandscapeRight";
				INFOPLIST_KEY_UISupportedInterfaceOrientations_iPhone = "UIInterfaceOrientationPortrait UIInterfaceOrientationLandscapeLeft UIInterfaceOrientationLandscapeRight";
				LD_RUNPATH_SEARCH_PATHS = (
					"$(inherited)",
					"@executable_path/Frameworks",
				);
				MARKETING_VERSION = 1.0;
				PRODUCT_BUNDLE_IDENTIFIER = com.mrhanlon.RealQuick;
				PRODUCT_NAME = "$(TARGET_NAME)";
				SWIFT_EMIT_LOC_STRINGS = YES;
				SWIFT_VERSION = 5.0;
				TARGETED_DEVICE_FAMILY = "1,2";
			};
			name = Debug;
		};
		1F5C76B029E5077A00033918 /* Release */ = {
			isa = XCBuildConfiguration;
			buildSettings = {
				ASSETCATALOG_COMPILER_APPICON_NAME = AppIcon;
				ASSETCATALOG_COMPILER_GLOBAL_ACCENT_COLOR_NAME = AccentColor;
				CODE_SIGN_STYLE = Automatic;
				CURRENT_PROJECT_VERSION = 1;
				DEVELOPMENT_ASSET_PATHS = "\"RealQuick/Preview Content\"";
				ENABLE_PREVIEWS = YES;
				GENERATE_INFOPLIST_FILE = YES;
				INFOPLIST_KEY_NSLocationWhenInUseUsageDescription = "You can automatically include your current location in a journal entry.";
				INFOPLIST_KEY_NSMicrophoneUsageDescription = "Audio is recorded to transcribe journal entries. Audio recordings are discarded after transcription.";
				INFOPLIST_KEY_NSSiriUsageDescription = "TODO Siri Usage Description";
				INFOPLIST_KEY_NSSpeechRecognitionUsageDescription = "You can transcribe journal entries using your voice.";
				INFOPLIST_KEY_UIApplicationSceneManifest_Generation = YES;
				INFOPLIST_KEY_UIApplicationSupportsIndirectInputEvents = YES;
				INFOPLIST_KEY_UILaunchScreen_Generation = YES;
				INFOPLIST_KEY_UISupportedInterfaceOrientations_iPad = "UIInterfaceOrientationPortrait UIInterfaceOrientationPortraitUpsideDown UIInterfaceOrientationLandscapeLeft UIInterfaceOrientationLandscapeRight";
				INFOPLIST_KEY_UISupportedInterfaceOrientations_iPhone = "UIInterfaceOrientationPortrait UIInterfaceOrientationLandscapeLeft UIInterfaceOrientationLandscapeRight";
				LD_RUNPATH_SEARCH_PATHS = (
					"$(inherited)",
					"@executable_path/Frameworks",
				);
				MARKETING_VERSION = 1.0;
				PRODUCT_BUNDLE_IDENTIFIER = com.mrhanlon.RealQuick;
				PRODUCT_NAME = "$(TARGET_NAME)";
				SWIFT_EMIT_LOC_STRINGS = YES;
				SWIFT_VERSION = 5.0;
				TARGETED_DEVICE_FAMILY = "1,2";
			};
			name = Release;
		};
/* End XCBuildConfiguration section */

/* Begin XCConfigurationList section */
		1F5C769B29E5077900033918 /* Build configuration list for PBXProject "RealQuick" */ = {
			isa = XCConfigurationList;
			buildConfigurations = (
				1F5C76AC29E5077A00033918 /* Debug */,
				1F5C76AD29E5077A00033918 /* Release */,
			);
			defaultConfigurationIsVisible = 0;
			defaultConfigurationName = Release;
		};
		1F5C76AE29E5077A00033918 /* Build configuration list for PBXNativeTarget "RealQuick" */ = {
			isa = XCConfigurationList;
			buildConfigurations = (
				1F5C76AF29E5077A00033918 /* Debug */,
				1F5C76B029E5077A00033918 /* Release */,
			);
			defaultConfigurationIsVisible = 0;
			defaultConfigurationName = Release;
		};
/* End XCConfigurationList section */

/* Begin XCVersionGroup section */
		1F5C76B129E5079500033918 /* RealQuick.xcdatamodeld */ = {
			isa = XCVersionGroup;
			children = (
				1F5C76B229E5079500033918 /* Model.xcdatamodel */,
			);
			currentVersion = 1F5C76B229E5079500033918 /* Model.xcdatamodel */;
			path = RealQuick.xcdatamodeld;
			sourceTree = "<group>";
			versionGroupType = wrapper.xcdatamodel;
		};
/* End XCVersionGroup section */
	};
	rootObject = 1F5C769829E5077900033918 /* Project object */;
}
